
Microsoft Visual Studio Solution File, Format Version 12.00
# Visual Studio Version 17
VisualStudioVersion = 17.0.32112.339
MinimumVisualStudioVersion = 10.0.40219.1
Project("{2150E333-8FDC-42A3-9474-1A3956D46DE8}") = "WPF", "WPF", "{ADC1EA10-3454-4C4F-A201-6D7EEB321B88}"
EndProject
Project("{2150E333-8FDC-42A3-9474-1A3956D46DE8}") = "Data", "Data", "{F344C613-A419-425C-8693-BB4F8D68F143}"
EndProject
Project("{2150E333-8FDC-42A3-9474-1A3956D46DE8}") = "Common", "Common", "{84D588F2-8F69-4470-8CA2-C6F459256295}"
EndProject
Project("{9A19103F-16F7-4668-BE54-9A1E7A4F7556}") = "WPR.Domain", "Common\WPR.Domain\WPR.Domain.csproj", "{2872EA0F-0429-4AD6-8FE8-789EB3B8FEC3}"
EndProject
Project("{9A19103F-16F7-4668-BE54-9A1E7A4F7556}") = "WPR.Tools", "Common\WPR.Tools\WPR.Tools.csproj", "{3E67ADD4-3972-439C-90F5-37113A8FF530}"
EndProject
Project("{9A19103F-16F7-4668-BE54-9A1E7A4F7556}") = "WPR", "WPF\WPR\WPR.csproj", "{861D947F-343F-4E48-8DD1-FF97DE255721}"
EndProject
Project("{9A19103F-16F7-4668-BE54-9A1E7A4F7556}") = "WPR.Demo", "WPF\WPR.Demo\WPR.Demo.csproj", "{D092B107-5EF6-4F8B-87FA-78CC880E5E68}"
EndProject
Project("{9A19103F-16F7-4668-BE54-9A1E7A4F7556}") = "WPR.MVVM", "WPF\WPR.MVVM\WPR.MVVM.csproj", "{EA16DC68-0777-4AFF-BFFE-EA439A72B9E8}"
EndProject
Project("{9A19103F-16F7-4668-BE54-9A1E7A4F7556}") = "WPR.UiServices", "WPF\WPR.UiServices\WPR.UiServices.csproj", "{7454A8E8-98AF-400F-AF7D-0F2ECE314E33}"
EndProject
Project("{FAE04EC0-301F-11D3-BF4B-00C04F79EFBC}") = "WPR.Data", "Data\WPR.Data\WPR.Data.csproj", "{F3FB3FD2-0E96-4211-BB75-7E9E1642291A}"
EndProject
Project("{FAE04EC0-301F-11D3-BF4B-00C04F79EFBC}") = "WPR.Data.Base", "Data\WPR.Data.Base\WPR.Data.Base.csproj", "{2BBFF2BA-EFEB-4FFA-BCE9-856C255A2DB9}"
EndProject
Global
	GlobalSection(SolutionConfigurationPlatforms) = preSolution
		Debug|Any CPU = Debug|Any CPU
		Release|Any CPU = Release|Any CPU
	EndGlobalSection
	GlobalSection(ProjectConfigurationPlatforms) = postSolution
		{2872EA0F-0429-4AD6-8FE8-789EB3B8FEC3}.Debug|Any CPU.ActiveCfg = Debug|Any CPU
		{2872EA0F-0429-4AD6-8FE8-789EB3B8FEC3}.Debug|Any CPU.Build.0 = Debug|Any CPU
		{2872EA0F-0429-4AD6-8FE8-789EB3B8FEC3}.Release|Any CPU.ActiveCfg = Release|Any CPU
		{2872EA0F-0429-4AD6-8FE8-789EB3B8FEC3}.Release|Any CPU.Build.0 = Release|Any CPU
		{3E67ADD4-3972-439C-90F5-37113A8FF530}.Debug|Any CPU.ActiveCfg = Debug|Any CPU
		{3E67ADD4-3972-439C-90F5-37113A8FF530}.Debug|Any CPU.Build.0 = Debug|Any CPU
		{3E67ADD4-3972-439C-90F5-37113A8FF530}.Release|Any CPU.ActiveCfg = Release|Any CPU
		{3E67ADD4-3972-439C-90F5-37113A8FF530}.Release|Any CPU.Build.0 = Release|Any CPU
		{861D947F-343F-4E48-8DD1-FF97DE255721}.Debug|Any CPU.ActiveCfg = Debug|Any CPU
		{861D947F-343F-4E48-8DD1-FF97DE255721}.Debug|Any CPU.Build.0 = Debug|Any CPU
		{861D947F-343F-4E48-8DD1-FF97DE255721}.Release|Any CPU.ActiveCfg = Release|Any CPU
		{861D947F-343F-4E48-8DD1-FF97DE255721}.Release|Any CPU.Build.0 = Release|Any CPU
		{D092B107-5EF6-4F8B-87FA-78CC880E5E68}.Debug|Any CPU.ActiveCfg = Debug|Any CPU
		{D092B107-5EF6-4F8B-87FA-78CC880E5E68}.Debug|Any CPU.Build.0 = Debug|Any CPU
		{D092B107-5EF6-4F8B-87FA-78CC880E5E68}.Release|Any CPU.ActiveCfg = Release|Any CPU
		{D092B107-5EF6-4F8B-87FA-78CC880E5E68}.Release|Any CPU.Build.0 = Release|Any CPU
		{EA16DC68-0777-4AFF-BFFE-EA439A72B9E8}.Debug|Any CPU.ActiveCfg = Debug|Any CPU
		{EA16DC68-0777-4AFF-BFFE-EA439A72B9E8}.Debug|Any CPU.Build.0 = Debug|Any CPU
		{EA16DC68-0777-4AFF-BFFE-EA439A72B9E8}.Release|Any CPU.ActiveCfg = Release|Any CPU
		{EA16DC68-0777-4AFF-BFFE-EA439A72B9E8}.Release|Any CPU.Build.0 = Release|Any CPU
		{7454A8E8-98AF-400F-AF7D-0F2ECE314E33}.Debug|Any CPU.ActiveCfg = Debug|Any CPU
		{7454A8E8-98AF-400F-AF7D-0F2ECE314E33}.Debug|Any CPU.Build.0 = Debug|Any CPU
		{7454A8E8-98AF-400F-AF7D-0F2ECE314E33}.Release|Any CPU.ActiveCfg = Release|Any CPU
		{7454A8E8-98AF-400F-AF7D-0F2ECE314E33}.Release|Any CPU.Build.0 = Release|Any CPU
		{F3FB3FD2-0E96-4211-BB75-7E9E1642291A}.Debug|Any CPU.ActiveCfg = Debug|Any CPU
		{F3FB3FD2-0E96-4211-BB75-7E9E1642291A}.Debug|Any CPU.Build.0 = Debug|Any CPU
		{F3FB3FD2-0E96-4211-BB75-7E9E1642291A}.Release|Any CPU.ActiveCfg = Release|Any CPU
		{F3FB3FD2-0E96-4211-BB75-7E9E1642291A}.Release|Any CPU.Build.0 = Release|Any CPU
		{2BBFF2BA-EFEB-4FFA-BCE9-856C255A2DB9}.Debug|Any CPU.ActiveCfg = Debug|Any CPU
		{2BBFF2BA-EFEB-4FFA-BCE9-856C255A2DB9}.Debug|Any CPU.Build.0 = Debug|Any CPU
		{2BBFF2BA-EFEB-4FFA-BCE9-856C255A2DB9}.Release|Any CPU.ActiveCfg = Release|Any CPU
		{2BBFF2BA-EFEB-4FFA-BCE9-856C255A2DB9}.Release|Any CPU.Build.0 = Release|Any CPU
	EndGlobalSection
	GlobalSection(SolutionProperties) = preSolution
		HideSolutionNode = FALSE
	EndGlobalSection
	GlobalSection(NestedProjects) = preSolution
		{2872EA0F-0429-4AD6-8FE8-789EB3B8FEC3} = {84D588F2-8F69-4470-8CA2-C6F459256295}
		{3E67ADD4-3972-439C-90F5-37113A8FF530} = {84D588F2-8F69-4470-8CA2-C6F459256295}
		{861D947F-343F-4E48-8DD1-FF97DE255721} = {ADC1EA10-3454-4C4F-A201-6D7EEB321B88}
		{D092B107-5EF6-4F8B-87FA-78CC880E5E68} = {ADC1EA10-3454-4C4F-A201-6D7EEB321B88}
		{EA16DC68-0777-4AFF-BFFE-EA439A72B9E8} = {ADC1EA10-3454-4C4F-A201-6D7EEB321B88}
		{7454A8E8-98AF-400F-AF7D-0F2ECE314E33} = {ADC1EA10-3454-4C4F-A201-6D7EEB321B88}
		{F3FB3FD2-0E96-4211-BB75-7E9E1642291A} = {F344C613-A419-425C-8693-BB4F8D68F143}
		{2BBFF2BA-EFEB-4FFA-BCE9-856C255A2DB9} = {F344C613-A419-425C-8693-BB4F8D68F143}
	EndGlobalSection
	GlobalSection(ExtensibilityGlobals) = postSolution
		SolutionGuid = {21D38088-0661-4EBA-A466-782D8252D50C}
	EndGlobalSection
EndGlobal
