
Microsoft Visual Studio Solution File, Format Version 12.00
# Visual Studio Version 17
VisualStudioVersion = 17.0.32112.339
MinimumVisualStudioVersion = 10.0.40219.1
Project("{2150E333-8FDC-42A3-9474-1A3956D46DE8}") = "UI", "UI", "{ADC1EA10-3454-4C4F-A201-6D7EEB321B88}"
EndProject
Project("{2150E333-8FDC-42A3-9474-1A3956D46DE8}") = "Data", "Data", "{F344C613-A419-425C-8693-BB4F8D68F143}"
EndProject
Project("{2150E333-8FDC-42A3-9474-1A3956D46DE8}") = "Tests", "Tests", "{F92C0259-7213-4CB6-B77C-4F3CA8A74CAB}"
EndProject
Project("{2150E333-8FDC-42A3-9474-1A3956D46DE8}") = "Services", "Services", "{3E2F195B-8120-4F90-AF9B-EA72A81B2413}"
EndProject
Project("{9A19103F-16F7-4668-BE54-9A1E7A4F7556}") = "WPR.Tools", "Services\WPR.Tools\WPR.Tools.csproj", "{87EF3B9B-53FD-481A-A0B2-40616FC1C1C4}"
EndProject
Project("{9A19103F-16F7-4668-BE54-9A1E7A4F7556}") = "WPR.Demo", "Tests\WPR.Demo\WPR.Demo.csproj", "{2EB1DBC2-7ECD-42EB-BB41-5463A77FE370}"
EndProject
Project("{9A19103F-16F7-4668-BE54-9A1E7A4F7556}") = "WPR.MVVM", "UI\WPR.MVVM\WPR.MVVM.csproj", "{F31C0BDC-C5BB-4F3E-99DC-072288BEF7CD}"
EndProject
Project("{9A19103F-16F7-4668-BE54-9A1E7A4F7556}") = "WPR", "UI\WPR\WPR.csproj", "{E2EA21F0-20F4-48BE-A980-0ABBB9CFB9B8}"
EndProject
Project("{2150E333-8FDC-42A3-9474-1A3956D46DE8}") = "Common", "Common", "{84D588F2-8F69-4470-8CA2-C6F459256295}"
EndProject
Project("{9A19103F-16F7-4668-BE54-9A1E7A4F7556}") = "WPR.Domain", "WPR.Models\WPR.Domain.csproj", "{D68D5B00-A7DF-427B-86C5-1CE39C9BABF8}"
EndProject
Project("{9A19103F-16F7-4668-BE54-9A1E7A4F7556}") = "WPR.UiServices", "Services\WPR.UiServices\WPR.UiServices.csproj", "{E14B277D-8FD9-4006-9F82-4AD82FC7A367}"
EndProject
Global
	GlobalSection(SolutionConfigurationPlatforms) = preSolution
		Debug|Any CPU = Debug|Any CPU
		Release|Any CPU = Release|Any CPU
	EndGlobalSection
	GlobalSection(ProjectConfigurationPlatforms) = postSolution
		{87EF3B9B-53FD-481A-A0B2-40616FC1C1C4}.Debug|Any CPU.ActiveCfg = Debug|Any CPU
		{87EF3B9B-53FD-481A-A0B2-40616FC1C1C4}.Debug|Any CPU.Build.0 = Debug|Any CPU
		{87EF3B9B-53FD-481A-A0B2-40616FC1C1C4}.Release|Any CPU.ActiveCfg = Release|Any CPU
		{87EF3B9B-53FD-481A-A0B2-40616FC1C1C4}.Release|Any CPU.Build.0 = Release|Any CPU
		{2EB1DBC2-7ECD-42EB-BB41-5463A77FE370}.Debug|Any CPU.ActiveCfg = Debug|Any CPU
		{2EB1DBC2-7ECD-42EB-BB41-5463A77FE370}.Debug|Any CPU.Build.0 = Debug|Any CPU
		{2EB1DBC2-7ECD-42EB-BB41-5463A77FE370}.Release|Any CPU.ActiveCfg = Release|Any CPU
		{2EB1DBC2-7ECD-42EB-BB41-5463A77FE370}.Release|Any CPU.Build.0 = Release|Any CPU
		{F31C0BDC-C5BB-4F3E-99DC-072288BEF7CD}.Debug|Any CPU.ActiveCfg = Debug|Any CPU
		{F31C0BDC-C5BB-4F3E-99DC-072288BEF7CD}.Debug|Any CPU.Build.0 = Debug|Any CPU
		{F31C0BDC-C5BB-4F3E-99DC-072288BEF7CD}.Release|Any CPU.ActiveCfg = Release|Any CPU
		{F31C0BDC-C5BB-4F3E-99DC-072288BEF7CD}.Release|Any CPU.Build.0 = Release|Any CPU
		{E2EA21F0-20F4-48BE-A980-0ABBB9CFB9B8}.Debug|Any CPU.ActiveCfg = Debug|Any CPU
		{E2EA21F0-20F4-48BE-A980-0ABBB9CFB9B8}.Debug|Any CPU.Build.0 = Debug|Any CPU
		{E2EA21F0-20F4-48BE-A980-0ABBB9CFB9B8}.Release|Any CPU.ActiveCfg = Release|Any CPU
		{E2EA21F0-20F4-48BE-A980-0ABBB9CFB9B8}.Release|Any CPU.Build.0 = Release|Any CPU
		{D68D5B00-A7DF-427B-86C5-1CE39C9BABF8}.Debug|Any CPU.ActiveCfg = Debug|Any CPU
		{D68D5B00-A7DF-427B-86C5-1CE39C9BABF8}.Debug|Any CPU.Build.0 = Debug|Any CPU
		{D68D5B00-A7DF-427B-86C5-1CE39C9BABF8}.Release|Any CPU.ActiveCfg = Release|Any CPU
		{D68D5B00-A7DF-427B-86C5-1CE39C9BABF8}.Release|Any CPU.Build.0 = Release|Any CPU
		{E14B277D-8FD9-4006-9F82-4AD82FC7A367}.Debug|Any CPU.ActiveCfg = Debug|Any CPU
		{E14B277D-8FD9-4006-9F82-4AD82FC7A367}.Debug|Any CPU.Build.0 = Debug|Any CPU
		{E14B277D-8FD9-4006-9F82-4AD82FC7A367}.Release|Any CPU.ActiveCfg = Release|Any CPU
		{E14B277D-8FD9-4006-9F82-4AD82FC7A367}.Release|Any CPU.Build.0 = Release|Any CPU
	EndGlobalSection
	GlobalSection(SolutionProperties) = preSolution
		HideSolutionNode = FALSE
	EndGlobalSection
	GlobalSection(NestedProjects) = preSolution
		{87EF3B9B-53FD-481A-A0B2-40616FC1C1C4} = {3E2F195B-8120-4F90-AF9B-EA72A81B2413}
		{2EB1DBC2-7ECD-42EB-BB41-5463A77FE370} = {F92C0259-7213-4CB6-B77C-4F3CA8A74CAB}
		{F31C0BDC-C5BB-4F3E-99DC-072288BEF7CD} = {ADC1EA10-3454-4C4F-A201-6D7EEB321B88}
		{E2EA21F0-20F4-48BE-A980-0ABBB9CFB9B8} = {ADC1EA10-3454-4C4F-A201-6D7EEB321B88}
		{D68D5B00-A7DF-427B-86C5-1CE39C9BABF8} = {84D588F2-8F69-4470-8CA2-C6F459256295}
		{E14B277D-8FD9-4006-9F82-4AD82FC7A367} = {3E2F195B-8120-4F90-AF9B-EA72A81B2413}
	EndGlobalSection
	GlobalSection(ExtensibilityGlobals) = postSolution
		SolutionGuid = {21D38088-0661-4EBA-A466-782D8252D50C}
	EndGlobalSection
EndGlobal
