
Microsoft Visual Studio Solution File, Format Version 12.00
# Visual Studio Version 17
VisualStudioVersion = 17.0.32112.339
MinimumVisualStudioVersion = 10.0.40219.1
Project("{9A19103F-16F7-4668-BE54-9A1E7A4F7556}") = "WPR.Tools", "WPR.Tools\WPR.Tools.csproj", "{3E67ADD4-3972-439C-90F5-37113A8FF530}"
EndProject
Project("{9A19103F-16F7-4668-BE54-9A1E7A4F7556}") = "WPR", "WPR\WPR.csproj", "{861D947F-343F-4E48-8DD1-FF97DE255721}"
EndProject
Project("{9A19103F-16F7-4668-BE54-9A1E7A4F7556}") = "WPR.Demo", "WPR.Demo\WPR.Demo.csproj", "{D092B107-5EF6-4F8B-87FA-78CC880E5E68}"
EndProject
Project("{FAE04EC0-301F-11D3-BF4B-00C04F79EFBC}") = "WPR.Services", "WPR.Services\WPR.Services.csproj", "{0EF79BC5-EF7E-48C9-86E3-36DA9F068281}"
EndProject
Project("{FAE04EC0-301F-11D3-BF4B-00C04F79EFBC}") = "WPR.MVVM", "WPR.MVVM\WPR.MVVM.csproj", "{A1C2FBFD-4E52-0D9E-9627-3ED1674FD087}"
EndProject
Global
	GlobalSection(SolutionConfigurationPlatforms) = preSolution
		Debug|Any CPU = Debug|Any CPU
		Release|Any CPU = Release|Any CPU
	EndGlobalSection
	GlobalSection(ProjectConfigurationPlatforms) = postSolution
		{3E67ADD4-3972-439C-90F5-37113A8FF530}.Debug|Any CPU.ActiveCfg = Debug|Any CPU
		{3E67ADD4-3972-439C-90F5-37113A8FF530}.Debug|Any CPU.Build.0 = Debug|Any CPU
		{3E67ADD4-3972-439C-90F5-37113A8FF530}.Release|Any CPU.ActiveCfg = Release|Any CPU
		{3E67ADD4-3972-439C-90F5-37113A8FF530}.Release|Any CPU.Build.0 = Release|Any CPU
		{861D947F-343F-4E48-8DD1-FF97DE255721}.Debug|Any CPU.ActiveCfg = Debug|Any CPU
		{861D947F-343F-4E48-8DD1-FF97DE255721}.Debug|Any CPU.Build.0 = Debug|Any CPU
		{861D947F-343F-4E48-8DD1-FF97DE255721}.Release|Any CPU.ActiveCfg = Release|Any CPU
		{861D947F-343F-4E48-8DD1-FF97DE255721}.Release|Any CPU.Build.0 = Release|Any CPU
		{D092B107-5EF6-4F8B-87FA-78CC880E5E68}.Debug|Any CPU.ActiveCfg = Debug|Any CPU
		{D092B107-5EF6-4F8B-87FA-78CC880E5E68}.Debug|Any CPU.Build.0 = Debug|Any CPU
		{D092B107-5EF6-4F8B-87FA-78CC880E5E68}.Release|Any CPU.ActiveCfg = Release|Any CPU
		{D092B107-5EF6-4F8B-87FA-78CC880E5E68}.Release|Any CPU.Build.0 = Release|Any CPU
		{0EF79BC5-EF7E-48C9-86E3-36DA9F068281}.Debug|Any CPU.ActiveCfg = Debug|Any CPU
		{0EF79BC5-EF7E-48C9-86E3-36DA9F068281}.Debug|Any CPU.Build.0 = Debug|Any CPU
		{0EF79BC5-EF7E-48C9-86E3-36DA9F068281}.Release|Any CPU.ActiveCfg = Release|Any CPU
		{0EF79BC5-EF7E-48C9-86E3-36DA9F068281}.Release|Any CPU.Build.0 = Release|Any CPU
		{A1C2FBFD-4E52-0D9E-9627-3ED1674FD087}.Debug|Any CPU.ActiveCfg = Debug|Any CPU
		{A1C2FBFD-4E52-0D9E-9627-3ED1674FD087}.Debug|Any CPU.Build.0 = Debug|Any CPU
		{A1C2FBFD-4E52-0D9E-9627-3ED1674FD087}.Release|Any CPU.ActiveCfg = Release|Any CPU
		{A1C2FBFD-4E52-0D9E-9627-3ED1674FD087}.Release|Any CPU.Build.0 = Release|Any CPU
	EndGlobalSection
	GlobalSection(SolutionProperties) = preSolution
		HideSolutionNode = FALSE
	EndGlobalSection
	GlobalSection(ExtensibilityGlobals) = postSolution
		SolutionGuid = {21D38088-0661-4EBA-A466-782D8252D50C}
	EndGlobalSection
EndGlobal
